
Microsoft Visual Studio Solution File, Format Version 12.00
# Visual Studio Version 17
VisualStudioVersion = 17.8.34330.188
MinimumVisualStudioVersion = 10.0.40219.1
Project("{FAE04EC0-301F-11D3-BF4B-00C04F79EFBC}") = "rztk", "rztk.csproj", "{0BEB8E01-8D3D-4CF5-B27E-F37F1F000D42}"
EndProject
Global
	GlobalSection(SolutionConfigurationPlatforms) = preSolution
		Debug|Any CPU = Debug|Any CPU
		Release|Any CPU = Release|Any CPU
	EndGlobalSection
	GlobalSection(ProjectConfigurationPlatforms) = postSolution
		{0BEB8E01-8D3D-4CF5-B27E-F37F1F000D42}.Debug|Any CPU.ActiveCfg = Debug|Any CPU
		{0BEB8E01-8D3D-4CF5-B27E-F37F1F000D42}.Debug|Any CPU.Build.0 = Debug|Any CPU
		{0BEB8E01-8D3D-4CF5-B27E-F37F1F000D42}.Release|Any CPU.ActiveCfg = Release|Any CPU
		{0BEB8E01-8D3D-4CF5-B27E-F37F1F000D42}.Release|Any CPU.Build.0 = Release|Any CPU
	EndGlobalSection
	GlobalSection(SolutionProperties) = preSolution
		HideSolutionNode = FALSE
	EndGlobalSection
	GlobalSection(ExtensibilityGlobals) = postSolution
		SolutionGuid = {8CEB226F-136B-4486-9A67-C66DEF041374}
	EndGlobalSection
EndGlobal
